// !$*UTF8*$!
{
	archiveVersion = 1;
	classes = {
	};
	objectVersion = 46;
	objects = {

/* Begin PBXBuildFile section */
		9C0AEF941A1B999400AB3ED5 /* main.m in Sources */ = {isa = PBXBuildFile; fileRef = 9C0AEF931A1B999400AB3ED5 /* main.m */; };
		9C0AEF971A1B999400AB3ED5 /* AppDelegate.m in Sources */ = {isa = PBXBuildFile; fileRef = 9C0AEF961A1B999400AB3ED5 /* AppDelegate.m */; };
		9C0AEF9A1A1B999400AB3ED5 /* ViewController.m in Sources */ = {isa = PBXBuildFile; fileRef = 9C0AEF991A1B999400AB3ED5 /* ViewController.m */; };
		9C0AEF9D1A1B999400AB3ED5 /* Main.storyboard in Resources */ = {isa = PBXBuildFile; fileRef = 9C0AEF9B1A1B999400AB3ED5 /* Main.storyboard */; };
		9C0AEF9F1A1B999400AB3ED5 /* Images.xcassets in Resources */ = {isa = PBXBuildFile; fileRef = 9C0AEF9E1A1B999400AB3ED5 /* Images.xcassets */; };
		9C0AEFA21A1B999400AB3ED5 /* LaunchScreen.xib in Resources */ = {isa = PBXBuildFile; fileRef = 9C0AEFA01A1B999400AB3ED5 /* LaunchScreen.xib */; };
		9C0AEFAE1A1B999400AB3ED5 /* DKTagCloudViewDemoTests.m in Sources */ = {isa = PBXBuildFile; fileRef = 9C0AEFAD1A1B999400AB3ED5 /* DKTagCloudViewDemoTests.m */; };
		9C0AEFBA1A1B99B000AB3ED5 /* DKTagCloudView.m in Sources */ = {isa = PBXBuildFile; fileRef = 9C0AEFB91A1B99B000AB3ED5 /* DKTagCloudView.m */; };
/* End PBXBuildFile section */

/* Begin PBXContainerItemProxy section */
		9C0AEFA81A1B999400AB3ED5 /* PBXContainerItemProxy */ = {
			isa = PBXContainerItemProxy;
			containerPortal = 9C0AEF861A1B999300AB3ED5 /* Project object */;
			proxyType = 1;
			remoteGlobalIDString = 9C0AEF8D1A1B999400AB3ED5;
			remoteInfo = DKTagCloudViewDemo;
		};
/* End PBXContainerItemProxy section */

/* Begin PBXFileReference section */
		9C0AEF8E1A1B999400AB3ED5 /* DKTagCloudViewDemo.app */ = {isa = PBXFileReference; explicitFileType = wrapper.application; includeInIndex = 0; path = DKTagCloudViewDemo.app; sourceTree = BUILT_PRODUCTS_DIR; };
		9C0AEF921A1B999400AB3ED5 /* Info.plist */ = {isa = PBXFileReference; lastKnownFileType = text.plist.xml; path = Info.plist; sourceTree = "<group>"; };
		9C0AEF931A1B999400AB3ED5 /* main.m */ = {isa = PBXFileReference; lastKnownFileType = sourcecode.c.objc; path = main.m; sourceTree = "<group>"; };
		9C0AEF951A1B999400AB3ED5 /* AppDelegate.h */ = {isa = PBXFileReference; lastKnownFileType = sourcecode.c.h; path = AppDelegate.h; sourceTree = "<group>"; };
		9C0AEF961A1B999400AB3ED5 /* AppDelegate.m */ = {isa = PBXFileReference; lastKnownFileType = sourcecode.c.objc; path = AppDelegate.m; sourceTree = "<group>"; };
		9C0AEF981A1B999400AB3ED5 /* ViewController.h */ = {isa = PBXFileReference; lastKnownFileType = sourcecode.c.h; path = ViewController.h; sourceTree = "<group>"; };
		9C0AEF991A1B999400AB3ED5 /* ViewController.m */ = {isa = PBXFileReference; lastKnownFileType = sourcecode.c.objc; path = ViewController.m; sourceTree = "<group>"; };
		9C0AEF9C1A1B999400AB3ED5 /* Base */ = {isa = PBXFileReference; lastKnownFileType = file.storyboard; name = Base; path = Base.lproj/Main.storyboard; sourceTree = "<group>"; };
		9C0AEF9E1A1B999400AB3ED5 /* Images.xcassets */ = {isa = PBXFileReference; lastKnownFileType = folder.assetcatalog; path = Images.xcassets; sourceTree = "<group>"; };
		9C0AEFA11A1B999400AB3ED5 /* Base */ = {isa = PBXFileReference; lastKnownFileType = file.xib; name = Base; path = Base.lproj/LaunchScreen.xib; sourceTree = "<group>"; };
		9C0AEFA71A1B999400AB3ED5 /* DKTagCloudViewDemoTests.xctest */ = {isa = PBXFileReference; explicitFileType = wrapper.cfbundle; includeInIndex = 0; path = DKTagCloudViewDemoTests.xctest; sourceTree = BUILT_PRODUCTS_DIR; };
		9C0AEFAC1A1B999400AB3ED5 /* Info.plist */ = {isa = PBXFileReference; lastKnownFileType = text.plist.xml; path = Info.plist; sourceTree = "<group>"; };
		9C0AEFAD1A1B999400AB3ED5 /* DKTagCloudViewDemoTests.m */ = {isa = PBXFileReference; lastKnownFileType = sourcecode.c.objc; path = DKTagCloudViewDemoTests.m; sourceTree = "<group>"; };
		9C0AEFB81A1B99B000AB3ED5 /* DKTagCloudView.h */ = {isa = PBXFileReference; fileEncoding = 4; lastKnownFileType = sourcecode.c.h; path = DKTagCloudView.h; sourceTree = "<group>"; };
		9C0AEFB91A1B99B000AB3ED5 /* DKTagCloudView.m */ = {isa = PBXFileReference; fileEncoding = 4; lastKnownFileType = sourcecode.c.objc; path = DKTagCloudView.m; sourceTree = "<group>"; };
/* End PBXFileReference section */

/* Begin PBXFrameworksBuildPhase section */
		9C0AEF8B1A1B999400AB3ED5 /* Frameworks */ = {
			isa = PBXFrameworksBuildPhase;
			buildActionMask = 2147483647;
			files = (
			);
			runOnlyForDeploymentPostprocessing = 0;
		};
		9C0AEFA41A1B999400AB3ED5 /* Frameworks */ = {
			isa = PBXFrameworksBuildPhase;
			buildActionMask = 2147483647;
			files = (
			);
			runOnlyForDeploymentPostprocessing = 0;
		};
/* End PBXFrameworksBuildPhase section */

/* Begin PBXGroup section */
		9C0AEF851A1B999300AB3ED5 = {
			isa = PBXGroup;
			children = (
				9C0AEF901A1B999400AB3ED5 /* DKTagCloudViewDemo */,
				9C0AEFAA1A1B999400AB3ED5 /* DKTagCloudViewDemoTests */,
				9C0AEF8F1A1B999400AB3ED5 /* Products */,
			);
			sourceTree = "<group>";
		};
		9C0AEF8F1A1B999400AB3ED5 /* Products */ = {
			isa = PBXGroup;
			children = (
				9C0AEF8E1A1B999400AB3ED5 /* DKTagCloudViewDemo.app */,
				9C0AEFA71A1B999400AB3ED5 /* DKTagCloudViewDemoTests.xctest */,
			);
			name = Products;
			sourceTree = "<group>";
		};
		9C0AEF901A1B999400AB3ED5 /* DKTagCloudViewDemo */ = {
			isa = PBXGroup;
			children = (
				9C0AEFB71A1B99B000AB3ED5 /* DKTagCloudView */,
				9C0AEF951A1B999400AB3ED5 /* AppDelegate.h */,
				9C0AEF961A1B999400AB3ED5 /* AppDelegate.m */,
				9C0AEF981A1B999400AB3ED5 /* ViewController.h */,
				9C0AEF991A1B999400AB3ED5 /* ViewController.m */,
				9C0AEF9B1A1B999400AB3ED5 /* Main.storyboard */,
				9C0AEF9E1A1B999400AB3ED5 /* Images.xcassets */,
				9C0AEFA01A1B999400AB3ED5 /* LaunchScreen.xib */,
				9C0AEF911A1B999400AB3ED5 /* Supporting Files */,
			);
			path = DKTagCloudViewDemo;
			sourceTree = "<group>";
		};
		9C0AEF911A1B999400AB3ED5 /* Supporting Files */ = {
			isa = PBXGroup;
			children = (
				9C0AEF921A1B999400AB3ED5 /* Info.plist */,
				9C0AEF931A1B999400AB3ED5 /* main.m */,
			);
			name = "Supporting Files";
			sourceTree = "<group>";
		};
		9C0AEFAA1A1B999400AB3ED5 /* DKTagCloudViewDemoTests */ = {
			isa = PBXGroup;
			children = (
				9C0AEFAD1A1B999400AB3ED5 /* DKTagCloudViewDemoTests.m */,
				9C0AEFAB1A1B999400AB3ED5 /* Supporting Files */,
			);
			path = DKTagCloudViewDemoTests;
			sourceTree = "<group>";
		};
		9C0AEFAB1A1B999400AB3ED5 /* Supporting Files */ = {
			isa = PBXGroup;
			children = (
				9C0AEFAC1A1B999400AB3ED5 /* Info.plist */,
			);
			name = "Supporting Files";
			sourceTree = "<group>";
		};
		9C0AEFB71A1B99B000AB3ED5 /* DKTagCloudView */ = {
			isa = PBXGroup;
			children = (
				9C0AEFB81A1B99B000AB3ED5 /* DKTagCloudView.h */,
				9C0AEFB91A1B99B000AB3ED5 /* DKTagCloudView.m */,
			);
			name = DKTagCloudView;
			path = ../../DKTagCloudView;
			sourceTree = "<group>";
		};
/* End PBXGroup section */

/* Begin PBXNativeTarget section */
		9C0AEF8D1A1B999400AB3ED5 /* DKTagCloudViewDemo */ = {
			isa = PBXNativeTarget;
			buildConfigurationList = 9C0AEFB11A1B999400AB3ED5 /* Build configuration list for PBXNativeTarget "DKTagCloudViewDemo" */;
			buildPhases = (
				9C0AEF8A1A1B999400AB3ED5 /* Sources */,
				9C0AEF8B1A1B999400AB3ED5 /* Frameworks */,
				9C0AEF8C1A1B999400AB3ED5 /* Resources */,
			);
			buildRules = (
			);
			dependencies = (
			);
			name = DKTagCloudViewDemo;
			productName = DKTagCloudViewDemo;
			productReference = 9C0AEF8E1A1B999400AB3ED5 /* DKTagCloudViewDemo.app */;
			productType = "com.apple.product-type.application";
		};
		9C0AEFA61A1B999400AB3ED5 /* DKTagCloudViewDemoTests */ = {
			isa = PBXNativeTarget;
			buildConfigurationList = 9C0AEFB41A1B999400AB3ED5 /* Build configuration list for PBXNativeTarget "DKTagCloudViewDemoTests" */;
			buildPhases = (
				9C0AEFA31A1B999400AB3ED5 /* Sources */,
				9C0AEFA41A1B999400AB3ED5 /* Frameworks */,
				9C0AEFA51A1B999400AB3ED5 /* Resources */,
			);
			buildRules = (
			);
			dependencies = (
				9C0AEFA91A1B999400AB3ED5 /* PBXTargetDependency */,
			);
			name = DKTagCloudViewDemoTests;
			productName = DKTagCloudViewDemoTests;
			productReference = 9C0AEFA71A1B999400AB3ED5 /* DKTagCloudViewDemoTests.xctest */;
			productType = "com.apple.product-type.bundle.unit-test";
		};
/* End PBXNativeTarget section */

/* Begin PBXProject section */
		9C0AEF861A1B999300AB3ED5 /* Project object */ = {
			isa = PBXProject;
			attributes = {
				LastUpgradeCheck = 0610;
				ORGANIZATIONNAME = zhangao;
				TargetAttributes = {
					9C0AEF8D1A1B999400AB3ED5 = {
						CreatedOnToolsVersion = 6.1;
					};
					9C0AEFA61A1B999400AB3ED5 = {
						CreatedOnToolsVersion = 6.1;
						TestTargetID = 9C0AEF8D1A1B999400AB3ED5;
					};
				};
			};
			buildConfigurationList = 9C0AEF891A1B999300AB3ED5 /* Build configuration list for PBXProject "DKTagCloudViewDemo" */;
			compatibilityVersion = "Xcode 3.2";
			developmentRegion = English;
			hasScannedForEncodings = 0;
			knownRegions = (
				en,
				Base,
			);
			mainGroup = 9C0AEF851A1B999300AB3ED5;
			productRefGroup = 9C0AEF8F1A1B999400AB3ED5 /* Products */;
			projectDirPath = "";
			projectRoot = "";
			targets = (
				9C0AEF8D1A1B999400AB3ED5 /* DKTagCloudViewDemo */,
				9C0AEFA61A1B999400AB3ED5 /* DKTagCloudViewDemoTests */,
			);
		};
/* End PBXProject section */

/* Begin PBXResourcesBuildPhase section */
		9C0AEF8C1A1B999400AB3ED5 /* Resources */ = {
			isa = PBXResourcesBuildPhase;
			buildActionMask = 2147483647;
			files = (
				9C0AEF9D1A1B999400AB3ED5 /* Main.storyboard in Resources */,
				9C0AEFA21A1B999400AB3ED5 /* LaunchScreen.xib in Resources */,
				9C0AEF9F1A1B999400AB3ED5 /* Images.xcassets in Resources */,
			);
			runOnlyForDeploymentPostprocessing = 0;
		};
		9C0AEFA51A1B999400AB3ED5 /* Resources */ = {
			isa = PBXResourcesBuildPhase;
			buildActionMask = 2147483647;
			files = (
			);
			runOnlyForDeploymentPostprocessing = 0;
		};
/* End PBXResourcesBuildPhase section */

/* Begin PBXSourcesBuildPhase section */
		9C0AEF8A1A1B999400AB3ED5 /* Sources */ = {
			isa = PBXSourcesBuildPhase;
			buildActionMask = 2147483647;
			files = (
				9C0AEFBA1A1B99B000AB3ED5 /* DKTagCloudView.m in Sources */,
				9C0AEF9A1A1B999400AB3ED5 /* ViewController.m in Sources */,
				9C0AEF971A1B999400AB3ED5 /* AppDelegate.m in Sources */,
				9C0AEF941A1B999400AB3ED5 /* main.m in Sources */,
			);
			runOnlyForDeploymentPostprocessing = 0;
		};
		9C0AEFA31A1B999400AB3ED5 /* Sources */ = {
			isa = PBXSourcesBuildPhase;
			buildActionMask = 2147483647;
			files = (
				9C0AEFAE1A1B999400AB3ED5 /* DKTagCloudViewDemoTests.m in Sources */,
			);
			runOnlyForDeploymentPostprocessing = 0;
		};
/* End PBXSourcesBuildPhase section */

/* Begin PBXTargetDependency section */
		9C0AEFA91A1B999400AB3ED5 /* PBXTargetDependency */ = {
			isa = PBXTargetDependency;
			target = 9C0AEF8D1A1B999400AB3ED5 /* DKTagCloudViewDemo */;
			targetProxy = 9C0AEFA81A1B999400AB3ED5 /* PBXContainerItemProxy */;
		};
/* End PBXTargetDependency section */

/* Begin PBXVariantGroup section */
		9C0AEF9B1A1B999400AB3ED5 /* Main.storyboard */ = {
			isa = PBXVariantGroup;
			children = (
				9C0AEF9C1A1B999400AB3ED5 /* Base */,
			);
			name = Main.storyboard;
			sourceTree = "<group>";
		};
		9C0AEFA01A1B999400AB3ED5 /* LaunchScreen.xib */ = {
			isa = PBXVariantGroup;
			children = (
				9C0AEFA11A1B999400AB3ED5 /* Base */,
			);
			name = LaunchScreen.xib;
			sourceTree = "<group>";
		};
/* End PBXVariantGroup section */

/* Begin XCBuildConfiguration section */
		9C0AEFAF1A1B999400AB3ED5 /* Debug */ = {
			isa = XCBuildConfiguration;
			buildSettings = {
				ALWAYS_SEARCH_USER_PATHS = NO;
				CLANG_CXX_LANGUAGE_STANDARD = "gnu++0x";
				CLANG_CXX_LIBRARY = "libc++";
				CLANG_ENABLE_MODULES = YES;
				CLANG_ENABLE_OBJC_ARC = YES;
				CLANG_WARN_BOOL_CONVERSION = YES;
				CLANG_WARN_CONSTANT_CONVERSION = YES;
				CLANG_WARN_DIRECT_OBJC_ISA_USAGE = YES_ERROR;
				CLANG_WARN_EMPTY_BODY = YES;
				CLANG_WARN_ENUM_CONVERSION = YES;
				CLANG_WARN_INT_CONVERSION = YES;
				CLANG_WARN_OBJC_ROOT_CLASS = YES_ERROR;
				CLANG_WARN_UNREACHABLE_CODE = YES;
				CLANG_WARN__DUPLICATE_METHOD_MATCH = YES;
				"CODE_SIGN_IDENTITY[sdk=iphoneos*]" = "iPhone Developer";
				COPY_PHASE_STRIP = NO;
				ENABLE_STRICT_OBJC_MSGSEND = YES;
				GCC_C_LANGUAGE_STANDARD = gnu99;
				GCC_DYNAMIC_NO_PIC = NO;
				GCC_OPTIMIZATION_LEVEL = 0;
				GCC_PREPROCESSOR_DEFINITIONS = (
					"DEBUG=1",
					"$(inherited)",
				);
				GCC_SYMBOLS_PRIVATE_EXTERN = NO;
				GCC_WARN_64_TO_32_BIT_CONVERSION = YES;
				GCC_WARN_ABOUT_RETURN_TYPE = YES_ERROR;
				GCC_WARN_UNDECLARED_SELECTOR = YES;
				GCC_WARN_UNINITIALIZED_AUTOS = YES_AGGRESSIVE;
				GCC_WARN_UNUSED_FUNCTION = YES;
				GCC_WARN_UNUSED_VARIABLE = YES;
				IPHONEOS_DEPLOYMENT_TARGET = 8.1;
				MTL_ENABLE_DEBUG_INFO = YES;
				ONLY_ACTIVE_ARCH = YES;
				SDKROOT = iphoneos;
			};
			name = Debug;
		};
		9C0AEFB01A1B999400AB3ED5 /* Release */ = {
			isa = XCBuildConfiguration;
			buildSettings = {
				ALWAYS_SEARCH_USER_PATHS = NO;
				CLANG_CXX_LANGUAGE_STANDARD = "gnu++0x";
				CLANG_CXX_LIBRARY = "libc++";
				CLANG_ENABLE_MODULES = YES;
				CLANG_ENABLE_OBJC_ARC = YES;
				CLANG_WARN_BOOL_CONVERSION = YES;
				CLANG_WARN_CONSTANT_CONVERSION = YES;
				CLANG_WARN_DIRECT_OBJC_ISA_USAGE = YES_ERROR;
				CLANG_WARN_EMPTY_BODY = YES;
				CLANG_WARN_ENUM_CONVERSION = YES;
				CLANG_WARN_INT_CONVERSION = YES;
				CLANG_WARN_OBJC_ROOT_CLASS = YES_ERROR;
				CLANG_WARN_UNREACHABLE_CODE = YES;
				CLANG_WARN__DUPLICATE_METHOD_MATCH = YES;
				"CODE_SIGN_IDENTITY[sdk=iphoneos*]" = "iPhone Developer";
				COPY_PHASE_STRIP = YES;
				ENABLE_NS_ASSERTIONS = NO;
				ENABLE_STRICT_OBJC_MSGSEND = YES;
				GCC_C_LANGUAGE_STANDARD = gnu99;
				GCC_WARN_64_TO_32_BIT_CONVERSION = YES;
				GCC_WARN_ABOUT_RETURN_TYPE = YES_ERROR;
				GCC_WARN_UNDECLARED_SELECTOR = YES;
				GCC_WARN_UNINITIALIZED_AUTOS = YES_AGGRESSIVE;
				GCC_WARN_UNUSED_FUNCTION = YES;
				GCC_WARN_UNUSED_VARIABLE = YES;
				IPHONEOS_DEPLOYMENT_TARGET = 8.1;
				MTL_ENABLE_DEBUG_INFO = NO;
				SDKROOT = iphoneos;
				VALIDATE_PRODUCT = YES;
			};
			name = Release;
		};
		9C0AEFB21A1B999400AB3ED5 /* Debug */ = {
			isa = XCBuildConfiguration;
			buildSettings = {
				ASSETCATALOG_COMPILER_APPICON_NAME = AppIcon;
				INFOPLIST_FILE = DKTagCloudViewDemo/Info.plist;
				LD_RUNPATH_SEARCH_PATHS = "$(inherited) @executable_path/Frameworks";
				PRODUCT_NAME = "$(TARGET_NAME)";
			};
			name = Debug;
		};
		9C0AEFB31A1B999400AB3ED5 /* Release */ = {
			isa = XCBuildConfiguration;
			buildSettings = {
				ASSETCATALOG_COMPILER_APPICON_NAME = AppIcon;
				INFOPLIST_FILE = DKTagCloudViewDemo/Info.plist;
				LD_RUNPATH_SEARCH_PATHS = "$(inherited) @executable_path/Frameworks";
				PRODUCT_NAME = "$(TARGET_NAME)";
			};
			name = Release;
		};
		9C0AEFB51A1B999400AB3ED5 /* Debug */ = {
			isa = XCBuildConfiguration;
			buildSettings = {
				BUNDLE_LOADER = "$(TEST_HOST)";
				FRAMEWORK_SEARCH_PATHS = (
					"$(SDKROOT)/Developer/Library/Frameworks",
					"$(inherited)",
				);
				GCC_PREPROCESSOR_DEFINITIONS = (
					"DEBUG=1",
					"$(inherited)",
				);
				INFOPLIST_FILE = DKTagCloudViewDemoTests/Info.plist;
				LD_RUNPATH_SEARCH_PATHS = "$(inherited) @executable_path/Frameworks @loader_path/Frameworks";
				PRODUCT_NAME = "$(TARGET_NAME)";
				TEST_HOST = "$(BUILT_PRODUCTS_DIR)/DKTagCloudViewDemo.app/DKTagCloudViewDemo";
			};
			name = Debug;
		};
		9C0AEFB61A1B999400AB3ED5 /* Release */ = {
			isa = XCBuildConfiguration;
			buildSettings = {
				BUNDLE_LOADER = "$(TEST_HOST)";
				FRAMEWORK_SEARCH_PATHS = (
					"$(SDKROOT)/Developer/Library/Frameworks",
					"$(inherited)",
				);
				INFOPLIST_FILE = DKTagCloudViewDemoTests/Info.plist;
				LD_RUNPATH_SEARCH_PATHS = "$(inherited) @executable_path/Frameworks @loader_path/Frameworks";
				PRODUCT_NAME = "$(TARGET_NAME)";
				TEST_HOST = "$(BUILT_PRODUCTS_DIR)/DKTagCloudViewDemo.app/DKTagCloudViewDemo";
			};
			name = Release;
		};
/* End XCBuildConfiguration section */

/* Begin XCConfigurationList section */
		9C0AEF891A1B999300AB3ED5 /* Build configuration list for PBXProject "DKTagCloudViewDemo" */ = {
			isa = XCConfigurationList;
			buildConfigurations = (
				9C0AEFAF1A1B999400AB3ED5 /* Debug */,
				9C0AEFB01A1B999400AB3ED5 /* Release */,
			);
			defaultConfigurationIsVisible = 0;
			defaultConfigurationName = Release;
		};
		9C0AEFB11A1B999400AB3ED5 /* Build configuration list for PBXNativeTarget "DKTagCloudViewDemo" */ = {
			isa = XCConfigurationList;
			buildConfigurations = (
				9C0AEFB21A1B999400AB3ED5 /* Debug */,
				9C0AEFB31A1B999400AB3ED5 /* Release */,
			);
			defaultConfigurationIsVisible = 0;
		};
		9C0AEFB41A1B999400AB3ED5 /* Build configuration list for PBXNativeTarget "DKTagCloudViewDemoTests" */ = {
			isa = XCConfigurationList;
			buildConfigurations = (
				9C0AEFB51A1B999400AB3ED5 /* Debug */,
				9C0AEFB61A1B999400AB3ED5 /* Release */,
			);
			defaultConfigurationIsVisible = 0;
		};
/* End XCConfigurationList section */
	};
	rootObject = 9C0AEF861A1B999300AB3ED5 /* Project object */;
}
